
Microsoft Visual Studio Solution File, Format Version 12.00
# Visual Studio Version 17
VisualStudioVersion = 17.9.34526.213
MinimumVisualStudioVersion = 10.0.40219.1
Project("{FAE04EC0-301F-11D3-BF4B-00C04F79EFBC}") = "Blog", "Blog\Blog.csproj", "{E74AAF8C-512D-419A-952B-9EA93A7F937C}"
EndProject
Global
	GlobalSection(SolutionConfigurationPlatforms) = preSolution
		Debug|Any CPU = Debug|Any CPU
		Release|Any CPU = Release|Any CPU
	EndGlobalSection
	GlobalSection(ProjectConfigurationPlatforms) = postSolution
		{E74AAF8C-512D-419A-952B-9EA93A7F937C}.Debug|Any CPU.ActiveCfg = Debug|Any CPU
		{E74AAF8C-512D-419A-952B-9EA93A7F937C}.Debug|Any CPU.Build.0 = Debug|Any CPU
		{E74AAF8C-512D-419A-952B-9EA93A7F937C}.Release|Any CPU.ActiveCfg = Release|Any CPU
		{E74AAF8C-512D-419A-952B-9EA93A7F937C}.Release|Any CPU.Build.0 = Release|Any CPU
	EndGlobalSection
	GlobalSection(SolutionProperties) = preSolution
		HideSolutionNode = FALSE
	EndGlobalSection
	GlobalSection(ExtensibilityGlobals) = postSolution
		SolutionGuid = {CEEEA4C5-436D-42F5-86EA-E5C104F87E1F}
	EndGlobalSection
EndGlobal
